{
  "name": "schema",
  "lockfileVersion": 3,
  "requires": true,
  "packages": {
    "": {
      "name": "schema",
      "dependencies": {
        "bats": "^1.9.0",
        "bats-assert": "^2.0.0"
      }
    },
    "node_modules/bats": {
      "version": "1.10.0",
      "resolved": "https://registry.npmjs.org/bats/-/bats-1.10.0.tgz",
      "integrity": "sha512-yOQrC7npuCrN+Ic3TyjTjJlzHa0qlK3oEO6VAYPWwFeutx/GmpljIyB6uNSl/UTASyc2w4FgVuA/QMMf9OdsCw==",
      "bin": {
        "bats": "bin/bats"
      }
    },
    "node_modules/bats-assert": {
      "version": "2.0.0",
      "resolved": "https://registry.npmjs.org/bats-assert/-/bats-assert-2.0.0.tgz",
      "integrity": "sha512-qO3kNilWxW8iCONu9NDUfvsCiC6JzL6DPOc/DGq9z3bZ9/A7wURJ+FnFMxGbofOmWbCoy7pVhofn0o47A95qkQ==",
      "peerDependencies": {
        "bats-support": "git+https://github.com/ztombol/bats-support.git#v0.2.0"
      }
    },
    "node_modules/bats-support": {
      "version": "0.2.0",
      "resolved": "git+ssh://git@github.com/ztombol/bats-support.git#d0a131831c487a1f1141e76d3ab386c89642cdff",
      "peer": true
    }
  }
}
